
Microsoft Visual Studio Solution File, Format Version 12.00
# Visual Studio Version 16
VisualStudioVersion = 16.0.30804.86
MinimumVisualStudioVersion = 10.0.40219.1
Project("{FAE04EC0-301F-11D3-BF4B-00C04F79EFBC}") = "Hello", "Hello\Hello.csproj", "{15618CCD-476A-45CC-9060-31B6853789FD}"
EndProject
Global
	GlobalSection(SolutionConfigurationPlatforms) = preSolution
		Debug|Any CPU = Debug|Any CPU
		Release|Any CPU = Release|Any CPU
	EndGlobalSection
	GlobalSection(ProjectConfigurationPlatforms) = postSolution
		{15618CCD-476A-45CC-9060-31B6853789FD}.Debug|Any CPU.ActiveCfg = Debug|Any CPU
		{15618CCD-476A-45CC-9060-31B6853789FD}.Debug|Any CPU.Build.0 = Debug|Any CPU
		{15618CCD-476A-45CC-9060-31B6853789FD}.Release|Any CPU.ActiveCfg = Release|Any CPU
		{15618CCD-476A-45CC-9060-31B6853789FD}.Release|Any CPU.Build.0 = Release|Any CPU
	EndGlobalSection
	GlobalSection(SolutionProperties) = preSolution
		HideSolutionNode = FALSE
	EndGlobalSection
	GlobalSection(ExtensibilityGlobals) = postSolution
		SolutionGuid = {6E94E65B-97E6-4187-973A-8EBB5795B731}
	EndGlobalSection
EndGlobal
