
Microsoft Visual Studio Solution File, Format Version 12.00
# Visual Studio Version 16
VisualStudioVersion = 16.0.30804.86
MinimumVisualStudioVersion = 10.0.40219.1
Project("{FAE04EC0-301F-11D3-BF4B-00C04F79EFBC}") = "Metodos", "Metodos\Metodos.csproj", "{9C4D4B33-ECF4-46CC-A076-D7B0B51803C2}"
EndProject
Global
	GlobalSection(SolutionConfigurationPlatforms) = preSolution
		Debug|Any CPU = Debug|Any CPU
		Release|Any CPU = Release|Any CPU
	EndGlobalSection
	GlobalSection(ProjectConfigurationPlatforms) = postSolution
		{9C4D4B33-ECF4-46CC-A076-D7B0B51803C2}.Debug|Any CPU.ActiveCfg = Debug|Any CPU
		{9C4D4B33-ECF4-46CC-A076-D7B0B51803C2}.Debug|Any CPU.Build.0 = Debug|Any CPU
		{9C4D4B33-ECF4-46CC-A076-D7B0B51803C2}.Release|Any CPU.ActiveCfg = Release|Any CPU
		{9C4D4B33-ECF4-46CC-A076-D7B0B51803C2}.Release|Any CPU.Build.0 = Release|Any CPU
	EndGlobalSection
	GlobalSection(SolutionProperties) = preSolution
		HideSolutionNode = FALSE
	EndGlobalSection
	GlobalSection(ExtensibilityGlobals) = postSolution
		SolutionGuid = {D565CF63-C5B1-4B32-831B-47666E8DF743}
	EndGlobalSection
EndGlobal
